
Microsoft Visual Studio Solution File, Format Version 12.00
# Visual Studio Version 16
VisualStudioVersion = 16.0.32106.194
MinimumVisualStudioVersion = 10.0.40219.1
Project("{FAE04EC0-301F-11D3-BF4B-00C04F79EFBC}") = "Calendar", "Calendar\Calendar.csproj", "{FE4F1816-F0B4-4F7A-AF68-0E61AE891607}"
EndProject
Global
	GlobalSection(SolutionConfigurationPlatforms) = preSolution
		Debug|Any CPU = Debug|Any CPU
		Release|Any CPU = Release|Any CPU
	EndGlobalSection
	GlobalSection(ProjectConfigurationPlatforms) = postSolution
		{FE4F1816-F0B4-4F7A-AF68-0E61AE891607}.Debug|Any CPU.ActiveCfg = Debug|Any CPU
		{FE4F1816-F0B4-4F7A-AF68-0E61AE891607}.Debug|Any CPU.Build.0 = Debug|Any CPU
		{FE4F1816-F0B4-4F7A-AF68-0E61AE891607}.Release|Any CPU.ActiveCfg = Release|Any CPU
		{FE4F1816-F0B4-4F7A-AF68-0E61AE891607}.Release|Any CPU.Build.0 = Release|Any CPU
	EndGlobalSection
	GlobalSection(SolutionProperties) = preSolution
		HideSolutionNode = FALSE
	EndGlobalSection
	GlobalSection(ExtensibilityGlobals) = postSolution
		SolutionGuid = {E333C735-280E-40DC-82B2-FF500FB5CDBB}
	EndGlobalSection
EndGlobal
